
Microsoft Visual Studio Solution File, Format Version 12.00
# Visual Studio Version 17
VisualStudioVersion = 17.10.35122.118
MinimumVisualStudioVersion = 10.0.40219.1
Project("{FAE04EC0-301F-11D3-BF4B-00C04F79EFBC}") = "PeliculasAPI", "PeliculasAPI\PeliculasAPI.csproj", "{BFDD6DB7-CB95-4233-B98A-A4E50F895C61}"
EndProject
Global
	GlobalSection(SolutionConfigurationPlatforms) = preSolution
		Debug|Any CPU = Debug|Any CPU
		Release|Any CPU = Release|Any CPU
	EndGlobalSection
	GlobalSection(ProjectConfigurationPlatforms) = postSolution
		{BFDD6DB7-CB95-4233-B98A-A4E50F895C61}.Debug|Any CPU.ActiveCfg = Debug|Any CPU
		{BFDD6DB7-CB95-4233-B98A-A4E50F895C61}.Debug|Any CPU.Build.0 = Debug|Any CPU
		{BFDD6DB7-CB95-4233-B98A-A4E50F895C61}.Release|Any CPU.ActiveCfg = Release|Any CPU
		{BFDD6DB7-CB95-4233-B98A-A4E50F895C61}.Release|Any CPU.Build.0 = Release|Any CPU
	EndGlobalSection
	GlobalSection(SolutionProperties) = preSolution
		HideSolutionNode = FALSE
	EndGlobalSection
	GlobalSection(ExtensibilityGlobals) = postSolution
		SolutionGuid = {572390CB-83AF-46BD-9BC2-10FCA5C23EE8}
	EndGlobalSection
EndGlobal
